// !$*UTF8*$!
{
	archiveVersion = 1;
	classes = {
	};
	objectVersion = 50;
	objects = {

/* Begin PBXBuildFile section */
		A330E1E926C6B467002CEF5B /* AppDelegate.swift in Sources */ = {isa = PBXBuildFile; fileRef = A330E1E826C6B467002CEF5B /* AppDelegate.swift */; };
		A330E1EB26C6B467002CEF5B /* SceneDelegate.swift in Sources */ = {isa = PBXBuildFile; fileRef = A330E1EA26C6B467002CEF5B /* SceneDelegate.swift */; };
		A330E1ED26C6B467002CEF5B /* ContentView.swift in Sources */ = {isa = PBXBuildFile; fileRef = A330E1EC26C6B467002CEF5B /* ContentView.swift */; };
		A330E1F026C6B467002CEF5B /* StudyToSwiftUI.xcdatamodeld in Sources */ = {isa = PBXBuildFile; fileRef = A330E1EE26C6B467002CEF5B /* StudyToSwiftUI.xcdatamodeld */; };
		A330E1F226C6B46B002CEF5B /* Assets.xcassets in Resources */ = {isa = PBXBuildFile; fileRef = A330E1F126C6B46B002CEF5B /* Assets.xcassets */; };
		A330E1F526C6B46B002CEF5B /* Preview Assets.xcassets in Resources */ = {isa = PBXBuildFile; fileRef = A330E1F426C6B46B002CEF5B /* Preview Assets.xcassets */; };
		A330E1F826C6B46B002CEF5B /* LaunchScreen.storyboard in Resources */ = {isa = PBXBuildFile; fileRef = A330E1F626C6B46B002CEF5B /* LaunchScreen.storyboard */; };
		A330E20326C6B46C002CEF5B /* StudyToSwiftUITests.swift in Sources */ = {isa = PBXBuildFile; fileRef = A330E20226C6B46C002CEF5B /* StudyToSwiftUITests.swift */; };
		A330E20E26C6B46C002CEF5B /* StudyToSwiftUIUITests.swift in Sources */ = {isa = PBXBuildFile; fileRef = A330E20D26C6B46C002CEF5B /* StudyToSwiftUIUITests.swift */; };
		A37AD21526E3B62500AF5AAA /* ContentFirst.swift in Sources */ = {isa = PBXBuildFile; fileRef = A37AD21426E3B62500AF5AAA /* ContentFirst.swift */; };
		A37AD21726E3B76B00AF5AAA /* ContentSecond.swift in Sources */ = {isa = PBXBuildFile; fileRef = A37AD21626E3B76B00AF5AAA /* ContentSecond.swift */; };
/* End PBXBuildFile section */

/* Begin PBXContainerItemProxy section */
		A330E1FF26C6B46C002CEF5B /* PBXContainerItemProxy */ = {
			isa = PBXContainerItemProxy;
			containerPortal = A330E1DD26C6B467002CEF5B /* Project object */;
			proxyType = 1;
			remoteGlobalIDString = A330E1E426C6B467002CEF5B;
			remoteInfo = StudyToSwiftUI;
		};
		A330E20A26C6B46C002CEF5B /* PBXContainerItemProxy */ = {
			isa = PBXContainerItemProxy;
			containerPortal = A330E1DD26C6B467002CEF5B /* Project object */;
			proxyType = 1;
			remoteGlobalIDString = A330E1E426C6B467002CEF5B;
			remoteInfo = StudyToSwiftUI;
		};
/* End PBXContainerItemProxy section */

/* Begin PBXFileReference section */
		A330E1E526C6B467002CEF5B /* StudyToSwiftUI.app */ = {isa = PBXFileReference; explicitFileType = wrapper.application; includeInIndex = 0; path = StudyToSwiftUI.app; sourceTree = BUILT_PRODUCTS_DIR; };
		A330E1E826C6B467002CEF5B /* AppDelegate.swift */ = {isa = PBXFileReference; lastKnownFileType = sourcecode.swift; path = AppDelegate.swift; sourceTree = "<group>"; };
		A330E1EA26C6B467002CEF5B /* SceneDelegate.swift */ = {isa = PBXFileReference; lastKnownFileType = sourcecode.swift; path = SceneDelegate.swift; sourceTree = "<group>"; };
		A330E1EC26C6B467002CEF5B /* ContentView.swift */ = {isa = PBXFileReference; lastKnownFileType = sourcecode.swift; path = ContentView.swift; sourceTree = "<group>"; };
		A330E1EF26C6B467002CEF5B /* StudyToSwiftUI.xcdatamodel */ = {isa = PBXFileReference; lastKnownFileType = wrapper.xcdatamodel; path = StudyToSwiftUI.xcdatamodel; sourceTree = "<group>"; };
		A330E1F126C6B46B002CEF5B /* Assets.xcassets */ = {isa = PBXFileReference; lastKnownFileType = folder.assetcatalog; path = Assets.xcassets; sourceTree = "<group>"; };
		A330E1F426C6B46B002CEF5B /* Preview Assets.xcassets */ = {isa = PBXFileReference; lastKnownFileType = folder.assetcatalog; path = "Preview Assets.xcassets"; sourceTree = "<group>"; };
		A330E1F726C6B46B002CEF5B /* Base */ = {isa = PBXFileReference; lastKnownFileType = file.storyboard; name = Base; path = Base.lproj/LaunchScreen.storyboard; sourceTree = "<group>"; };
		A330E1F926C6B46B002CEF5B /* Info.plist */ = {isa = PBXFileReference; lastKnownFileType = text.plist.xml; path = Info.plist; sourceTree = "<group>"; };
		A330E1FE26C6B46C002CEF5B /* StudyToSwiftUITests.xctest */ = {isa = PBXFileReference; explicitFileType = wrapper.cfbundle; includeInIndex = 0; path = StudyToSwiftUITests.xctest; sourceTree = BUILT_PRODUCTS_DIR; };
		A330E20226C6B46C002CEF5B /* StudyToSwiftUITests.swift */ = {isa = PBXFileReference; lastKnownFileType = sourcecode.swift; path = StudyToSwiftUITests.swift; sourceTree = "<group>"; };
		A330E20426C6B46C002CEF5B /* Info.plist */ = {isa = PBXFileReference; lastKnownFileType = text.plist.xml; path = Info.plist; sourceTree = "<group>"; };
		A330E20926C6B46C002CEF5B /* StudyToSwiftUIUITests.xctest */ = {isa = PBXFileReference; explicitFileType = wrapper.cfbundle; includeInIndex = 0; path = StudyToSwiftUIUITests.xctest; sourceTree = BUILT_PRODUCTS_DIR; };
		A330E20D26C6B46C002CEF5B /* StudyToSwiftUIUITests.swift */ = {isa = PBXFileReference; lastKnownFileType = sourcecode.swift; path = StudyToSwiftUIUITests.swift; sourceTree = "<group>"; };
		A330E20F26C6B46C002CEF5B /* Info.plist */ = {isa = PBXFileReference; lastKnownFileType = text.plist.xml; path = Info.plist; sourceTree = "<group>"; };
		A37AD21426E3B62500AF5AAA /* ContentFirst.swift */ = {isa = PBXFileReference; lastKnownFileType = sourcecode.swift; path = ContentFirst.swift; sourceTree = "<group>"; };
		A37AD21626E3B76B00AF5AAA /* ContentSecond.swift */ = {isa = PBXFileReference; lastKnownFileType = sourcecode.swift; path = ContentSecond.swift; sourceTree = "<group>"; };
/* End PBXFileReference section */

/* Begin PBXFrameworksBuildPhase section */
		A330E1E226C6B467002CEF5B /* Frameworks */ = {
			isa = PBXFrameworksBuildPhase;
			buildActionMask = 2147483647;
			files = (
			);
			runOnlyForDeploymentPostprocessing = 0;
		};
		A330E1FB26C6B46C002CEF5B /* Frameworks */ = {
			isa = PBXFrameworksBuildPhase;
			buildActionMask = 2147483647;
			files = (
			);
			runOnlyForDeploymentPostprocessing = 0;
		};
		A330E20626C6B46C002CEF5B /* Frameworks */ = {
			isa = PBXFrameworksBuildPhase;
			buildActionMask = 2147483647;
			files = (
			);
			runOnlyForDeploymentPostprocessing = 0;
		};
/* End PBXFrameworksBuildPhase section */

/* Begin PBXGroup section */
		A330E1DC26C6B467002CEF5B = {
			isa = PBXGroup;
			children = (
				A330E1E726C6B467002CEF5B /* StudyToSwiftUI */,
				A330E20126C6B46C002CEF5B /* StudyToSwiftUITests */,
				A330E20C26C6B46C002CEF5B /* StudyToSwiftUIUITests */,
				A330E1E626C6B467002CEF5B /* Products */,
			);
			sourceTree = "<group>";
		};
		A330E1E626C6B467002CEF5B /* Products */ = {
			isa = PBXGroup;
			children = (
				A330E1E526C6B467002CEF5B /* StudyToSwiftUI.app */,
				A330E1FE26C6B46C002CEF5B /* StudyToSwiftUITests.xctest */,
				A330E20926C6B46C002CEF5B /* StudyToSwiftUIUITests.xctest */,
			);
			name = Products;
			sourceTree = "<group>";
		};
		A330E1E726C6B467002CEF5B /* StudyToSwiftUI */ = {
			isa = PBXGroup;
			children = (
				A330E1E826C6B467002CEF5B /* AppDelegate.swift */,
				A330E1EA26C6B467002CEF5B /* SceneDelegate.swift */,
				A330E1EC26C6B467002CEF5B /* ContentView.swift */,
				A330E1F126C6B46B002CEF5B /* Assets.xcassets */,
				A330E1F626C6B46B002CEF5B /* LaunchScreen.storyboard */,
				A330E1F926C6B46B002CEF5B /* Info.plist */,
				A330E1EE26C6B467002CEF5B /* StudyToSwiftUI.xcdatamodeld */,
				A330E1F326C6B46B002CEF5B /* Preview Content */,
				A37AD21426E3B62500AF5AAA /* ContentFirst.swift */,
				A37AD21626E3B76B00AF5AAA /* ContentSecond.swift */,
			);
			path = StudyToSwiftUI;
			sourceTree = "<group>";
		};
		A330E1F326C6B46B002CEF5B /* Preview Content */ = {
			isa = PBXGroup;
			children = (
				A330E1F426C6B46B002CEF5B /* Preview Assets.xcassets */,
			);
			path = "Preview Content";
			sourceTree = "<group>";
		};
		A330E20126C6B46C002CEF5B /* StudyToSwiftUITests */ = {
			isa = PBXGroup;
			children = (
				A330E20226C6B46C002CEF5B /* StudyToSwiftUITests.swift */,
				A330E20426C6B46C002CEF5B /* Info.plist */,
			);
			path = StudyToSwiftUITests;
			sourceTree = "<group>";
		};
		A330E20C26C6B46C002CEF5B /* StudyToSwiftUIUITests */ = {
			isa = PBXGroup;
			children = (
				A330E20D26C6B46C002CEF5B /* StudyToSwiftUIUITests.swift */,
				A330E20F26C6B46C002CEF5B /* Info.plist */,
			);
			path = StudyToSwiftUIUITests;
			sourceTree = "<group>";
		};
/* End PBXGroup section */

/* Begin PBXNativeTarget section */
		A330E1E426C6B467002CEF5B /* StudyToSwiftUI */ = {
			isa = PBXNativeTarget;
			buildConfigurationList = A330E21226C6B46C002CEF5B /* Build configuration list for PBXNativeTarget "StudyToSwiftUI" */;
			buildPhases = (
				A330E1E126C6B467002CEF5B /* Sources */,
				A330E1E226C6B467002CEF5B /* Frameworks */,
				A330E1E326C6B467002CEF5B /* Resources */,
			);
			buildRules = (
			);
			dependencies = (
			);
			name = StudyToSwiftUI;
			productName = StudyToSwiftUI;
			productReference = A330E1E526C6B467002CEF5B /* StudyToSwiftUI.app */;
			productType = "com.apple.product-type.application";
		};
		A330E1FD26C6B46C002CEF5B /* StudyToSwiftUITests */ = {
			isa = PBXNativeTarget;
			buildConfigurationList = A330E21526C6B46C002CEF5B /* Build configuration list for PBXNativeTarget "StudyToSwiftUITests" */;
			buildPhases = (
				A330E1FA26C6B46C002CEF5B /* Sources */,
				A330E1FB26C6B46C002CEF5B /* Frameworks */,
				A330E1FC26C6B46C002CEF5B /* Resources */,
			);
			buildRules = (
			);
			dependencies = (
				A330E20026C6B46C002CEF5B /* PBXTargetDependency */,
			);
			name = StudyToSwiftUITests;
			productName = StudyToSwiftUITests;
			productReference = A330E1FE26C6B46C002CEF5B /* StudyToSwiftUITests.xctest */;
			productType = "com.apple.product-type.bundle.unit-test";
		};
		A330E20826C6B46C002CEF5B /* StudyToSwiftUIUITests */ = {
			isa = PBXNativeTarget;
			buildConfigurationList = A330E21826C6B46C002CEF5B /* Build configuration list for PBXNativeTarget "StudyToSwiftUIUITests" */;
			buildPhases = (
				A330E20526C6B46C002CEF5B /* Sources */,
				A330E20626C6B46C002CEF5B /* Frameworks */,
				A330E20726C6B46C002CEF5B /* Resources */,
			);
			buildRules = (
			);
			dependencies = (
				A330E20B26C6B46C002CEF5B /* PBXTargetDependency */,
			);
			name = StudyToSwiftUIUITests;
			productName = StudyToSwiftUIUITests;
			productReference = A330E20926C6B46C002CEF5B /* StudyToSwiftUIUITests.xctest */;
			productType = "com.apple.product-type.bundle.ui-testing";
		};
/* End PBXNativeTarget section */

/* Begin PBXProject section */
		A330E1DD26C6B467002CEF5B /* Project object */ = {
			isa = PBXProject;
			attributes = {
				LastSwiftUpdateCheck = 1250;
				LastUpgradeCheck = 1250;
				TargetAttributes = {
					A330E1E426C6B467002CEF5B = {
						CreatedOnToolsVersion = 12.5.1;
					};
					A330E1FD26C6B46C002CEF5B = {
						CreatedOnToolsVersion = 12.5.1;
						TestTargetID = A330E1E426C6B467002CEF5B;
					};
					A330E20826C6B46C002CEF5B = {
						CreatedOnToolsVersion = 12.5.1;
						TestTargetID = A330E1E426C6B467002CEF5B;
					};
				};
			};
			buildConfigurationList = A330E1E026C6B467002CEF5B /* Build configuration list for PBXProject "StudyToSwiftUI" */;
			compatibilityVersion = "Xcode 9.3";
			developmentRegion = en;
			hasScannedForEncodings = 0;
			knownRegions = (
				en,
				Base,
			);
			mainGroup = A330E1DC26C6B467002CEF5B;
			productRefGroup = A330E1E626C6B467002CEF5B /* Products */;
			projectDirPath = "";
			projectRoot = "";
			targets = (
				A330E1E426C6B467002CEF5B /* StudyToSwiftUI */,
				A330E1FD26C6B46C002CEF5B /* StudyToSwiftUITests */,
				A330E20826C6B46C002CEF5B /* StudyToSwiftUIUITests */,
			);
		};
/* End PBXProject section */

/* Begin PBXResourcesBuildPhase section */
		A330E1E326C6B467002CEF5B /* Resources */ = {
			isa = PBXResourcesBuildPhase;
			buildActionMask = 2147483647;
			files = (
				A330E1F826C6B46B002CEF5B /* LaunchScreen.storyboard in Resources */,
				A330E1F526C6B46B002CEF5B /* Preview Assets.xcassets in Resources */,
				A330E1F226C6B46B002CEF5B /* Assets.xcassets in Resources */,
			);
			runOnlyForDeploymentPostprocessing = 0;
		};
		A330E1FC26C6B46C002CEF5B /* Resources */ = {
			isa = PBXResourcesBuildPhase;
			buildActionMask = 2147483647;
			files = (
			);
			runOnlyForDeploymentPostprocessing = 0;
		};
		A330E20726C6B46C002CEF5B /* Resources */ = {
			isa = PBXResourcesBuildPhase;
			buildActionMask = 2147483647;
			files = (
			);
			runOnlyForDeploymentPostprocessing = 0;
		};
/* End PBXResourcesBuildPhase section */

/* Begin PBXSourcesBuildPhase section */
		A330E1E126C6B467002CEF5B /* Sources */ = {
			isa = PBXSourcesBuildPhase;
			buildActionMask = 2147483647;
			files = (
				A37AD21526E3B62500AF5AAA /* ContentFirst.swift in Sources */,
				A37AD21726E3B76B00AF5AAA /* ContentSecond.swift in Sources */,
				A330E1E926C6B467002CEF5B /* AppDelegate.swift in Sources */,
				A330E1EB26C6B467002CEF5B /* SceneDelegate.swift in Sources */,
				A330E1F026C6B467002CEF5B /* StudyToSwiftUI.xcdatamodeld in Sources */,
				A330E1ED26C6B467002CEF5B /* ContentView.swift in Sources */,
			);
			runOnlyForDeploymentPostprocessing = 0;
		};
		A330E1FA26C6B46C002CEF5B /* Sources */ = {
			isa = PBXSourcesBuildPhase;
			buildActionMask = 2147483647;
			files = (
				A330E20326C6B46C002CEF5B /* StudyToSwiftUITests.swift in Sources */,
			);
			runOnlyForDeploymentPostprocessing = 0;
		};
		A330E20526C6B46C002CEF5B /* Sources */ = {
			isa = PBXSourcesBuildPhase;
			buildActionMask = 2147483647;
			files = (
				A330E20E26C6B46C002CEF5B /* StudyToSwiftUIUITests.swift in Sources */,
			);
			runOnlyForDeploymentPostprocessing = 0;
		};
/* End PBXSourcesBuildPhase section */

/* Begin PBXTargetDependency section */
		A330E20026C6B46C002CEF5B /* PBXTargetDependency */ = {
			isa = PBXTargetDependency;
			target = A330E1E426C6B467002CEF5B /* StudyToSwiftUI */;
			targetProxy = A330E1FF26C6B46C002CEF5B /* PBXContainerItemProxy */;
		};
		A330E20B26C6B46C002CEF5B /* PBXTargetDependency */ = {
			isa = PBXTargetDependency;
			target = A330E1E426C6B467002CEF5B /* StudyToSwiftUI */;
			targetProxy = A330E20A26C6B46C002CEF5B /* PBXContainerItemProxy */;
		};
/* End PBXTargetDependency section */

/* Begin PBXVariantGroup section */
		A330E1F626C6B46B002CEF5B /* LaunchScreen.storyboard */ = {
			isa = PBXVariantGroup;
			children = (
				A330E1F726C6B46B002CEF5B /* Base */,
			);
			name = LaunchScreen.storyboard;
			sourceTree = "<group>";
		};
/* End PBXVariantGroup section */

/* Begin XCBuildConfiguration section */
		A330E21026C6B46C002CEF5B /* Debug */ = {
			isa = XCBuildConfiguration;
			buildSettings = {
				ALWAYS_SEARCH_USER_PATHS = NO;
				CLANG_ANALYZER_NONNULL = YES;
				CLANG_ANALYZER_NUMBER_OBJECT_CONVERSION = YES_AGGRESSIVE;
				CLANG_CXX_LANGUAGE_STANDARD = "gnu++14";
				CLANG_CXX_LIBRARY = "libc++";
				CLANG_ENABLE_MODULES = YES;
				CLANG_ENABLE_OBJC_ARC = YES;
				CLANG_ENABLE_OBJC_WEAK = YES;
				CLANG_WARN_BLOCK_CAPTURE_AUTORELEASING = YES;
				CLANG_WARN_BOOL_CONVERSION = YES;
				CLANG_WARN_COMMA = YES;
				CLANG_WARN_CONSTANT_CONVERSION = YES;
				CLANG_WARN_DEPRECATED_OBJC_IMPLEMENTATIONS = YES;
				CLANG_WARN_DIRECT_OBJC_ISA_USAGE = YES_ERROR;
				CLANG_WARN_DOCUMENTATION_COMMENTS = YES;
				CLANG_WARN_EMPTY_BODY = YES;
				CLANG_WARN_ENUM_CONVERSION = YES;
				CLANG_WARN_INFINITE_RECURSION = YES;
				CLANG_WARN_INT_CONVERSION = YES;
				CLANG_WARN_NON_LITERAL_NULL_CONVERSION = YES;
				CLANG_WARN_OBJC_IMPLICIT_RETAIN_SELF = YES;
				CLANG_WARN_OBJC_LITERAL_CONVERSION = YES;
				CLANG_WARN_OBJC_ROOT_CLASS = YES_ERROR;
				CLANG_WARN_QUOTED_INCLUDE_IN_FRAMEWORK_HEADER = YES;
				CLANG_WARN_RANGE_LOOP_ANALYSIS = YES;
				CLANG_WARN_STRICT_PROTOTYPES = YES;
				CLANG_WARN_SUSPICIOUS_MOVE = YES;
				CLANG_WARN_UNGUARDED_AVAILABILITY = YES_AGGRESSIVE;
				CLANG_WARN_UNREACHABLE_CODE = YES;
				CLANG_WARN__DUPLICATE_METHOD_MATCH = YES;
				COPY_PHASE_STRIP = NO;
				DEBUG_INFORMATION_FORMAT = dwarf;
				ENABLE_STRICT_OBJC_MSGSEND = YES;
				ENABLE_TESTABILITY = YES;
				GCC_C_LANGUAGE_STANDARD = gnu11;
				GCC_DYNAMIC_NO_PIC = NO;
				GCC_NO_COMMON_BLOCKS = YES;
				GCC_OPTIMIZATION_LEVEL = 0;
				GCC_PREPROCESSOR_DEFINITIONS = (
					"DEBUG=1",
					"$(inherited)",
				);
				GCC_WARN_64_TO_32_BIT_CONVERSION = YES;
				GCC_WARN_ABOUT_RETURN_TYPE = YES_ERROR;
				GCC_WARN_UNDECLARED_SELECTOR = YES;
				GCC_WARN_UNINITIALIZED_AUTOS = YES_AGGRESSIVE;
				GCC_WARN_UNUSED_FUNCTION = YES;
				GCC_WARN_UNUSED_VARIABLE = YES;
				IPHONEOS_DEPLOYMENT_TARGET = 14.5;
				MTL_ENABLE_DEBUG_INFO = INCLUDE_SOURCE;
				MTL_FAST_MATH = YES;
				ONLY_ACTIVE_ARCH = YES;
				SDKROOT = iphoneos;
				SWIFT_ACTIVE_COMPILATION_CONDITIONS = DEBUG;
				SWIFT_OPTIMIZATION_LEVEL = "-Onone";
			};
			name = Debug;
		};
		A330E21126C6B46C002CEF5B /* Release */ = {
			isa = XCBuildConfiguration;
			buildSettings = {
				ALWAYS_SEARCH_USER_PATHS = NO;
				CLANG_ANALYZER_NONNULL = YES;
				CLANG_ANALYZER_NUMBER_OBJECT_CONVERSION = YES_AGGRESSIVE;
				CLANG_CXX_LANGUAGE_STANDARD = "gnu++14";
				CLANG_CXX_LIBRARY = "libc++";
				CLANG_ENABLE_MODULES = YES;
				CLANG_ENABLE_OBJC_ARC = YES;
				CLANG_ENABLE_OBJC_WEAK = YES;
				CLANG_WARN_BLOCK_CAPTURE_AUTORELEASING = YES;
				CLANG_WARN_BOOL_CONVERSION = YES;
				CLANG_WARN_COMMA = YES;
				CLANG_WARN_CONSTANT_CONVERSION = YES;
				CLANG_WARN_DEPRECATED_OBJC_IMPLEMENTATIONS = YES;
				CLANG_WARN_DIRECT_OBJC_ISA_USAGE = YES_ERROR;
				CLANG_WARN_DOCUMENTATION_COMMENTS = YES;
				CLANG_WARN_EMPTY_BODY = YES;
				CLANG_WARN_ENUM_CONVERSION = YES;
				CLANG_WARN_INFINITE_RECURSION = YES;
				CLANG_WARN_INT_CONVERSION = YES;
				CLANG_WARN_NON_LITERAL_NULL_CONVERSION = YES;
				CLANG_WARN_OBJC_IMPLICIT_RETAIN_SELF = YES;
				CLANG_WARN_OBJC_LITERAL_CONVERSION = YES;
				CLANG_WARN_OBJC_ROOT_CLASS = YES_ERROR;
				CLANG_WARN_QUOTED_INCLUDE_IN_FRAMEWORK_HEADER = YES;
				CLANG_WARN_RANGE_LOOP_ANALYSIS = YES;
				CLANG_WARN_STRICT_PROTOTYPES = YES;
				CLANG_WARN_SUSPICIOUS_MOVE = YES;
				CLANG_WARN_UNGUARDED_AVAILABILITY = YES_AGGRESSIVE;
				CLANG_WARN_UNREACHABLE_CODE = YES;
				CLANG_WARN__DUPLICATE_METHOD_MATCH = YES;
				COPY_PHASE_STRIP = NO;
				DEBUG_INFORMATION_FORMAT = "dwarf-with-dsym";
				ENABLE_NS_ASSERTIONS = NO;
				ENABLE_STRICT_OBJC_MSGSEND = YES;
				GCC_C_LANGUAGE_STANDARD = gnu11;
				GCC_NO_COMMON_BLOCKS = YES;
				GCC_WARN_64_TO_32_BIT_CONVERSION = YES;
				GCC_WARN_ABOUT_RETURN_TYPE = YES_ERROR;
				GCC_WARN_UNDECLARED_SELECTOR = YES;
				GCC_WARN_UNINITIALIZED_AUTOS = YES_AGGRESSIVE;
				GCC_WARN_UNUSED_FUNCTION = YES;
				GCC_WARN_UNUSED_VARIABLE = YES;
				IPHONEOS_DEPLOYMENT_TARGET = 14.5;
				MTL_ENABLE_DEBUG_INFO = NO;
				MTL_FAST_MATH = YES;
				SDKROOT = iphoneos;
				SWIFT_COMPILATION_MODE = wholemodule;
				SWIFT_OPTIMIZATION_LEVEL = "-O";
				VALIDATE_PRODUCT = YES;
			};
			name = Release;
		};
		A330E21326C6B46C002CEF5B /* Debug */ = {
			isa = XCBuildConfiguration;
			buildSettings = {
				ASSETCATALOG_COMPILER_APPICON_NAME = AppIcon;
				ASSETCATALOG_COMPILER_GLOBAL_ACCENT_COLOR_NAME = AccentColor;
				CODE_SIGN_STYLE = Automatic;
				DEVELOPMENT_ASSET_PATHS = "\"StudyToSwiftUI/Preview Content\"";
				DEVELOPMENT_TEAM = 4HT2BE32MC;
				ENABLE_PREVIEWS = YES;
				INFOPLIST_FILE = StudyToSwiftUI/Info.plist;
				LD_RUNPATH_SEARCH_PATHS = (
					"$(inherited)",
					"@executable_path/Frameworks",
				);
				PRODUCT_BUNDLE_IDENTIFIER = com.dely.StudyToSwiftUI;
				PRODUCT_NAME = "$(TARGET_NAME)";
				SWIFT_VERSION = 5.0;
				TARGETED_DEVICE_FAMILY = "1,2";
			};
			name = Debug;
		};
		A330E21426C6B46C002CEF5B /* Release */ = {
			isa = XCBuildConfiguration;
			buildSettings = {
				ASSETCATALOG_COMPILER_APPICON_NAME = AppIcon;
				ASSETCATALOG_COMPILER_GLOBAL_ACCENT_COLOR_NAME = AccentColor;
				CODE_SIGN_STYLE = Automatic;
				DEVELOPMENT_ASSET_PATHS = "\"StudyToSwiftUI/Preview Content\"";
				DEVELOPMENT_TEAM = 4HT2BE32MC;
				ENABLE_PREVIEWS = YES;
				INFOPLIST_FILE = StudyToSwiftUI/Info.plist;
				LD_RUNPATH_SEARCH_PATHS = (
					"$(inherited)",
					"@executable_path/Frameworks",
				);
				PRODUCT_BUNDLE_IDENTIFIER = com.dely.StudyToSwiftUI;
				PRODUCT_NAME = "$(TARGET_NAME)";
				SWIFT_VERSION = 5.0;
				TARGETED_DEVICE_FAMILY = "1,2";
			};
			name = Release;
		};
		A330E21626C6B46C002CEF5B /* Debug */ = {
			isa = XCBuildConfiguration;
			buildSettings = {
				ALWAYS_EMBED_SWIFT_STANDARD_LIBRARIES = YES;
				BUNDLE_LOADER = "$(TEST_HOST)";
				CODE_SIGN_STYLE = Automatic;
				DEVELOPMENT_TEAM = 4HT2BE32MC;
				INFOPLIST_FILE = StudyToSwiftUITests/Info.plist;
				IPHONEOS_DEPLOYMENT_TARGET = 14.5;
				LD_RUNPATH_SEARCH_PATHS = (
					"$(inherited)",
					"@executable_path/Frameworks",
					"@loader_path/Frameworks",
				);
				PRODUCT_BUNDLE_IDENTIFIER = com.dely.StudyToSwiftUITests;
				PRODUCT_NAME = "$(TARGET_NAME)";
				SWIFT_VERSION = 5.0;
				TARGETED_DEVICE_FAMILY = "1,2";
				TEST_HOST = "$(BUILT_PRODUCTS_DIR)/StudyToSwiftUI.app/StudyToSwiftUI";
			};
			name = Debug;
		};
		A330E21726C6B46C002CEF5B /* Release */ = {
			isa = XCBuildConfiguration;
			buildSettings = {
				ALWAYS_EMBED_SWIFT_STANDARD_LIBRARIES = YES;
				BUNDLE_LOADER = "$(TEST_HOST)";
				CODE_SIGN_STYLE = Automatic;
				DEVELOPMENT_TEAM = 4HT2BE32MC;
				INFOPLIST_FILE = StudyToSwiftUITests/Info.plist;
				IPHONEOS_DEPLOYMENT_TARGET = 14.5;
				LD_RUNPATH_SEARCH_PATHS = (
					"$(inherited)",
					"@executable_path/Frameworks",
					"@loader_path/Frameworks",
				);
				PRODUCT_BUNDLE_IDENTIFIER = com.dely.StudyToSwiftUITests;
				PRODUCT_NAME = "$(TARGET_NAME)";
				SWIFT_VERSION = 5.0;
				TARGETED_DEVICE_FAMILY = "1,2";
				TEST_HOST = "$(BUILT_PRODUCTS_DIR)/StudyToSwiftUI.app/StudyToSwiftUI";
			};
			name = Release;
		};
		A330E21926C6B46C002CEF5B /* Debug */ = {
			isa = XCBuildConfiguration;
			buildSettings = {
				ALWAYS_EMBED_SWIFT_STANDARD_LIBRARIES = YES;
				CODE_SIGN_STYLE = Automatic;
				DEVELOPMENT_TEAM = 4HT2BE32MC;
				INFOPLIST_FILE = StudyToSwiftUIUITests/Info.plist;
				LD_RUNPATH_SEARCH_PATHS = (
					"$(inherited)",
					"@executable_path/Frameworks",
					"@loader_path/Frameworks",
				);
				PRODUCT_BUNDLE_IDENTIFIER = com.dely.StudyToSwiftUIUITests;
				PRODUCT_NAME = "$(TARGET_NAME)";
				SWIFT_VERSION = 5.0;
				TARGETED_DEVICE_FAMILY = "1,2";
				TEST_TARGET_NAME = StudyToSwiftUI;
			};
			name = Debug;
		};
		A330E21A26C6B46C002CEF5B /* Release */ = {
			isa = XCBuildConfiguration;
			buildSettings = {
				ALWAYS_EMBED_SWIFT_STANDARD_LIBRARIES = YES;
				CODE_SIGN_STYLE = Automatic;
				DEVELOPMENT_TEAM = 4HT2BE32MC;
				INFOPLIST_FILE = StudyToSwiftUIUITests/Info.plist;
				LD_RUNPATH_SEARCH_PATHS = (
					"$(inherited)",
					"@executable_path/Frameworks",
					"@loader_path/Frameworks",
				);
				PRODUCT_BUNDLE_IDENTIFIER = com.dely.StudyToSwiftUIUITests;
				PRODUCT_NAME = "$(TARGET_NAME)";
				SWIFT_VERSION = 5.0;
				TARGETED_DEVICE_FAMILY = "1,2";
				TEST_TARGET_NAME = StudyToSwiftUI;
			};
			name = Release;
		};
/* End XCBuildConfiguration section */

/* Begin XCConfigurationList section */
		A330E1E026C6B467002CEF5B /* Build configuration list for PBXProject "StudyToSwiftUI" */ = {
			isa = XCConfigurationList;
			buildConfigurations = (
				A330E21026C6B46C002CEF5B /* Debug */,
				A330E21126C6B46C002CEF5B /* Release */,
			);
			defaultConfigurationIsVisible = 0;
			defaultConfigurationName = Release;
		};
		A330E21226C6B46C002CEF5B /* Build configuration list for PBXNativeTarget "StudyToSwiftUI" */ = {
			isa = XCConfigurationList;
			buildConfigurations = (
				A330E21326C6B46C002CEF5B /* Debug */,
				A330E21426C6B46C002CEF5B /* Release */,
			);
			defaultConfigurationIsVisible = 0;
			defaultConfigurationName = Release;
		};
		A330E21526C6B46C002CEF5B /* Build configuration list for PBXNativeTarget "StudyToSwiftUITests" */ = {
			isa = XCConfigurationList;
			buildConfigurations = (
				A330E21626C6B46C002CEF5B /* Debug */,
				A330E21726C6B46C002CEF5B /* Release */,
			);
			defaultConfigurationIsVisible = 0;
			defaultConfigurationName = Release;
		};
		A330E21826C6B46C002CEF5B /* Build configuration list for PBXNativeTarget "StudyToSwiftUIUITests" */ = {
			isa = XCConfigurationList;
			buildConfigurations = (
				A330E21926C6B46C002CEF5B /* Debug */,
				A330E21A26C6B46C002CEF5B /* Release */,
			);
			defaultConfigurationIsVisible = 0;
			defaultConfigurationName = Release;
		};
/* End XCConfigurationList section */

/* Begin XCVersionGroup section */
		A330E1EE26C6B467002CEF5B /* StudyToSwiftUI.xcdatamodeld */ = {
			isa = XCVersionGroup;
			children = (
				A330E1EF26C6B467002CEF5B /* StudyToSwiftUI.xcdatamodel */,
			);
			currentVersion = A330E1EF26C6B467002CEF5B /* StudyToSwiftUI.xcdatamodel */;
			path = StudyToSwiftUI.xcdatamodeld;
			sourceTree = "<group>";
			versionGroupType = wrapper.xcdatamodel;
		};
/* End XCVersionGroup section */
	};
	rootObject = A330E1DD26C6B467002CEF5B /* Project object */;
}
